
Microsoft Visual Studio Solution File, Format Version 12.00
# Visual Studio Version 16
VisualStudioVersion = 16.0.29521.150
MinimumVisualStudioVersion = 10.0.40219.1
Project("{FAE04EC0-301F-11D3-BF4B-00C04F79EFBC}") = "CityInfo.API", "CityInfo.API\CityInfo.API.csproj", "{ADD9AB31-98C8-4F18-8679-EAC1F698C999}"
EndProject
Global
	GlobalSection(SolutionConfigurationPlatforms) = preSolution
		Debug|Any CPU = Debug|Any CPU
		Release|Any CPU = Release|Any CPU
	EndGlobalSection
	GlobalSection(ProjectConfigurationPlatforms) = postSolution
		{ADD9AB31-98C8-4F18-8679-EAC1F698C999}.Debug|Any CPU.ActiveCfg = Debug|Any CPU
		{ADD9AB31-98C8-4F18-8679-EAC1F698C999}.Debug|Any CPU.Build.0 = Debug|Any CPU
		{ADD9AB31-98C8-4F18-8679-EAC1F698C999}.Release|Any CPU.ActiveCfg = Release|Any CPU
		{ADD9AB31-98C8-4F18-8679-EAC1F698C999}.Release|Any CPU.Build.0 = Release|Any CPU
	EndGlobalSection
	GlobalSection(SolutionProperties) = preSolution
		HideSolutionNode = FALSE
	EndGlobalSection
	GlobalSection(ExtensibilityGlobals) = postSolution
		SolutionGuid = {4008F25F-BB79-4D88-B45E-A82872218B53}
	EndGlobalSection
EndGlobal
